// !$*UTF8*$!
{
	archiveVersion = 1;
	classes = {
	};
	objectVersion = 46;
	objects = {

/* Begin PBXBuildFile section */
		A8BABB731C1FDD0D00FFF5B1 /* main.m in Sources */ = {isa = PBXBuildFile; fileRef = A8BABB721C1FDD0D00FFF5B1 /* main.m */; };
		A8BABB761C1FDD0D00FFF5B1 /* AppDelegate.m in Sources */ = {isa = PBXBuildFile; fileRef = A8BABB751C1FDD0D00FFF5B1 /* AppDelegate.m */; };
		A8BABB791C1FDD0D00FFF5B1 /* ViewController.m in Sources */ = {isa = PBXBuildFile; fileRef = A8BABB781C1FDD0D00FFF5B1 /* ViewController.m */; };
		A8BABB7C1C1FDD0D00FFF5B1 /* Main.storyboard in Resources */ = {isa = PBXBuildFile; fileRef = A8BABB7A1C1FDD0D00FFF5B1 /* Main.storyboard */; };
		A8BABB7E1C1FDD0D00FFF5B1 /* Assets.xcassets in Resources */ = {isa = PBXBuildFile; fileRef = A8BABB7D1C1FDD0D00FFF5B1 /* Assets.xcassets */; };
		A8BABB811C1FDD0D00FFF5B1 /* LaunchScreen.storyboard in Resources */ = {isa = PBXBuildFile; fileRef = A8BABB7F1C1FDD0D00FFF5B1 /* LaunchScreen.storyboard */; };
		A8BABB8C1C1FDD0D00FFF5B1 /* TableViewDemoTests.m in Sources */ = {isa = PBXBuildFile; fileRef = A8BABB8B1C1FDD0D00FFF5B1 /* TableViewDemoTests.m */; };
		A8BABB971C1FDD0D00FFF5B1 /* TableViewDemoUITests.m in Sources */ = {isa = PBXBuildFile; fileRef = A8BABB961C1FDD0D00FFF5B1 /* TableViewDemoUITests.m */; };
		A8BABBA91C1FDE9700FFF5B1 /* CYMTableViewSection.m in Sources */ = {isa = PBXBuildFile; fileRef = A8BABBA61C1FDE9700FFF5B1 /* CYMTableViewSection.m */; };
		A8BABBAA1C1FDE9700FFF5B1 /* UITableView+CYMSectionAdditions.m in Sources */ = {isa = PBXBuildFile; fileRef = A8BABBA81C1FDE9700FFF5B1 /* UITableView+CYMSectionAdditions.m */; };
		A8BABBAE1C1FDEBD00FFF5B1 /* CYMDelegateChain.m in Sources */ = {isa = PBXBuildFile; fileRef = A8BABBAD1C1FDEBD00FFF5B1 /* CYMDelegateChain.m */; };
		A8BABBB11C1FEA0300FFF5B1 /* MySection1.m in Sources */ = {isa = PBXBuildFile; fileRef = A8BABBB01C1FEA0300FFF5B1 /* MySection1.m */; };
		A8BABBB41C1FEA1000FFF5B1 /* MySection2.m in Sources */ = {isa = PBXBuildFile; fileRef = A8BABBB31C1FEA1000FFF5B1 /* MySection2.m */; };
/* End PBXBuildFile section */

/* Begin PBXContainerItemProxy section */
		A8BABB881C1FDD0D00FFF5B1 /* PBXContainerItemProxy */ = {
			isa = PBXContainerItemProxy;
			containerPortal = A8BABB661C1FDD0D00FFF5B1 /* Project object */;
			proxyType = 1;
			remoteGlobalIDString = A8BABB6D1C1FDD0D00FFF5B1;
			remoteInfo = TableViewDemo;
		};
		A8BABB931C1FDD0D00FFF5B1 /* PBXContainerItemProxy */ = {
			isa = PBXContainerItemProxy;
			containerPortal = A8BABB661C1FDD0D00FFF5B1 /* Project object */;
			proxyType = 1;
			remoteGlobalIDString = A8BABB6D1C1FDD0D00FFF5B1;
			remoteInfo = TableViewDemo;
		};
/* End PBXContainerItemProxy section */

/* Begin PBXFileReference section */
		A8BABB6E1C1FDD0D00FFF5B1 /* TableViewDemo.app */ = {isa = PBXFileReference; explicitFileType = wrapper.application; includeInIndex = 0; path = TableViewDemo.app; sourceTree = BUILT_PRODUCTS_DIR; };
		A8BABB721C1FDD0D00FFF5B1 /* main.m */ = {isa = PBXFileReference; lastKnownFileType = sourcecode.c.objc; path = main.m; sourceTree = "<group>"; };
		A8BABB741C1FDD0D00FFF5B1 /* AppDelegate.h */ = {isa = PBXFileReference; lastKnownFileType = sourcecode.c.h; path = AppDelegate.h; sourceTree = "<group>"; };
		A8BABB751C1FDD0D00FFF5B1 /* AppDelegate.m */ = {isa = PBXFileReference; lastKnownFileType = sourcecode.c.objc; path = AppDelegate.m; sourceTree = "<group>"; };
		A8BABB771C1FDD0D00FFF5B1 /* ViewController.h */ = {isa = PBXFileReference; lastKnownFileType = sourcecode.c.h; path = ViewController.h; sourceTree = "<group>"; };
		A8BABB781C1FDD0D00FFF5B1 /* ViewController.m */ = {isa = PBXFileReference; lastKnownFileType = sourcecode.c.objc; path = ViewController.m; sourceTree = "<group>"; };
		A8BABB7B1C1FDD0D00FFF5B1 /* Base */ = {isa = PBXFileReference; lastKnownFileType = file.storyboard; name = Base; path = Base.lproj/Main.storyboard; sourceTree = "<group>"; };
		A8BABB7D1C1FDD0D00FFF5B1 /* Assets.xcassets */ = {isa = PBXFileReference; lastKnownFileType = folder.assetcatalog; path = Assets.xcassets; sourceTree = "<group>"; };
		A8BABB801C1FDD0D00FFF5B1 /* Base */ = {isa = PBXFileReference; lastKnownFileType = file.storyboard; name = Base; path = Base.lproj/LaunchScreen.storyboard; sourceTree = "<group>"; };
		A8BABB821C1FDD0D00FFF5B1 /* Info.plist */ = {isa = PBXFileReference; lastKnownFileType = text.plist.xml; path = Info.plist; sourceTree = "<group>"; };
		A8BABB871C1FDD0D00FFF5B1 /* TableViewDemoTests.xctest */ = {isa = PBXFileReference; explicitFileType = wrapper.cfbundle; includeInIndex = 0; path = TableViewDemoTests.xctest; sourceTree = BUILT_PRODUCTS_DIR; };
		A8BABB8B1C1FDD0D00FFF5B1 /* TableViewDemoTests.m */ = {isa = PBXFileReference; lastKnownFileType = sourcecode.c.objc; path = TableViewDemoTests.m; sourceTree = "<group>"; };
		A8BABB8D1C1FDD0D00FFF5B1 /* Info.plist */ = {isa = PBXFileReference; lastKnownFileType = text.plist.xml; path = Info.plist; sourceTree = "<group>"; };
		A8BABB921C1FDD0D00FFF5B1 /* TableViewDemoUITests.xctest */ = {isa = PBXFileReference; explicitFileType = wrapper.cfbundle; includeInIndex = 0; path = TableViewDemoUITests.xctest; sourceTree = BUILT_PRODUCTS_DIR; };
		A8BABB961C1FDD0D00FFF5B1 /* TableViewDemoUITests.m */ = {isa = PBXFileReference; lastKnownFileType = sourcecode.c.objc; path = TableViewDemoUITests.m; sourceTree = "<group>"; };
		A8BABB981C1FDD0D00FFF5B1 /* Info.plist */ = {isa = PBXFileReference; lastKnownFileType = text.plist.xml; path = Info.plist; sourceTree = "<group>"; };
		A8BABBA51C1FDE9700FFF5B1 /* CYMTableViewSection.h */ = {isa = PBXFileReference; fileEncoding = 4; lastKnownFileType = sourcecode.c.h; path = CYMTableViewSection.h; sourceTree = "<group>"; };
		A8BABBA61C1FDE9700FFF5B1 /* CYMTableViewSection.m */ = {isa = PBXFileReference; fileEncoding = 4; lastKnownFileType = sourcecode.c.objc; path = CYMTableViewSection.m; sourceTree = "<group>"; };
		A8BABBA71C1FDE9700FFF5B1 /* UITableView+CYMSectionAdditions.h */ = {isa = PBXFileReference; fileEncoding = 4; lastKnownFileType = sourcecode.c.h; path = "UITableView+CYMSectionAdditions.h"; sourceTree = "<group>"; };
		A8BABBA81C1FDE9700FFF5B1 /* UITableView+CYMSectionAdditions.m */ = {isa = PBXFileReference; fileEncoding = 4; lastKnownFileType = sourcecode.c.objc; path = "UITableView+CYMSectionAdditions.m"; sourceTree = "<group>"; };
		A8BABBAC1C1FDEBD00FFF5B1 /* CYMDelegateChain.h */ = {isa = PBXFileReference; fileEncoding = 4; lastKnownFileType = sourcecode.c.h; path = CYMDelegateChain.h; sourceTree = "<group>"; };
		A8BABBAD1C1FDEBD00FFF5B1 /* CYMDelegateChain.m */ = {isa = PBXFileReference; fileEncoding = 4; lastKnownFileType = sourcecode.c.objc; path = CYMDelegateChain.m; sourceTree = "<group>"; };
		A8BABBAF1C1FEA0300FFF5B1 /* MySection1.h */ = {isa = PBXFileReference; fileEncoding = 4; lastKnownFileType = sourcecode.c.h; path = MySection1.h; sourceTree = "<group>"; };
		A8BABBB01C1FEA0300FFF5B1 /* MySection1.m */ = {isa = PBXFileReference; fileEncoding = 4; lastKnownFileType = sourcecode.c.objc; path = MySection1.m; sourceTree = "<group>"; };
		A8BABBB21C1FEA1000FFF5B1 /* MySection2.h */ = {isa = PBXFileReference; fileEncoding = 4; lastKnownFileType = sourcecode.c.h; path = MySection2.h; sourceTree = "<group>"; };
		A8BABBB31C1FEA1000FFF5B1 /* MySection2.m */ = {isa = PBXFileReference; fileEncoding = 4; lastKnownFileType = sourcecode.c.objc; path = MySection2.m; sourceTree = "<group>"; };
/* End PBXFileReference section */

/* Begin PBXFrameworksBuildPhase section */
		A8BABB6B1C1FDD0D00FFF5B1 /* Frameworks */ = {
			isa = PBXFrameworksBuildPhase;
			buildActionMask = 2147483647;
			files = (
			);
			runOnlyForDeploymentPostprocessing = 0;
		};
		A8BABB841C1FDD0D00FFF5B1 /* Frameworks */ = {
			isa = PBXFrameworksBuildPhase;
			buildActionMask = 2147483647;
			files = (
			);
			runOnlyForDeploymentPostprocessing = 0;
		};
		A8BABB8F1C1FDD0D00FFF5B1 /* Frameworks */ = {
			isa = PBXFrameworksBuildPhase;
			buildActionMask = 2147483647;
			files = (
			);
			runOnlyForDeploymentPostprocessing = 0;
		};
/* End PBXFrameworksBuildPhase section */

/* Begin PBXGroup section */
		A8BABB651C1FDD0D00FFF5B1 = {
			isa = PBXGroup;
			children = (
				A8BABBAB1C1FDEBD00FFF5B1 /* CYMDelegateChain */,
				A8BABBA41C1FDE9700FFF5B1 /* CYMTableViewSection */,
				A8BABB701C1FDD0D00FFF5B1 /* TableViewDemo */,
				A8BABB8A1C1FDD0D00FFF5B1 /* TableViewDemoTests */,
				A8BABB951C1FDD0D00FFF5B1 /* TableViewDemoUITests */,
				A8BABB6F1C1FDD0D00FFF5B1 /* Products */,
			);
			sourceTree = "<group>";
		};
		A8BABB6F1C1FDD0D00FFF5B1 /* Products */ = {
			isa = PBXGroup;
			children = (
				A8BABB6E1C1FDD0D00FFF5B1 /* TableViewDemo.app */,
				A8BABB871C1FDD0D00FFF5B1 /* TableViewDemoTests.xctest */,
				A8BABB921C1FDD0D00FFF5B1 /* TableViewDemoUITests.xctest */,
			);
			name = Products;
			sourceTree = "<group>";
		};
		A8BABB701C1FDD0D00FFF5B1 /* TableViewDemo */ = {
			isa = PBXGroup;
			children = (
				A8BABB741C1FDD0D00FFF5B1 /* AppDelegate.h */,
				A8BABB751C1FDD0D00FFF5B1 /* AppDelegate.m */,
				A8BABB771C1FDD0D00FFF5B1 /* ViewController.h */,
				A8BABB781C1FDD0D00FFF5B1 /* ViewController.m */,
				A8BABB7A1C1FDD0D00FFF5B1 /* Main.storyboard */,
				A8BABB7D1C1FDD0D00FFF5B1 /* Assets.xcassets */,
				A8BABB7F1C1FDD0D00FFF5B1 /* LaunchScreen.storyboard */,
				A8BABB821C1FDD0D00FFF5B1 /* Info.plist */,
				A8BABB711C1FDD0D00FFF5B1 /* Supporting Files */,
				A8BABBAF1C1FEA0300FFF5B1 /* MySection1.h */,
				A8BABBB01C1FEA0300FFF5B1 /* MySection1.m */,
				A8BABBB21C1FEA1000FFF5B1 /* MySection2.h */,
				A8BABBB31C1FEA1000FFF5B1 /* MySection2.m */,
			);
			path = TableViewDemo;
			sourceTree = "<group>";
		};
		A8BABB711C1FDD0D00FFF5B1 /* Supporting Files */ = {
			isa = PBXGroup;
			children = (
				A8BABB721C1FDD0D00FFF5B1 /* main.m */,
			);
			name = "Supporting Files";
			sourceTree = "<group>";
		};
		A8BABB8A1C1FDD0D00FFF5B1 /* TableViewDemoTests */ = {
			isa = PBXGroup;
			children = (
				A8BABB8B1C1FDD0D00FFF5B1 /* TableViewDemoTests.m */,
				A8BABB8D1C1FDD0D00FFF5B1 /* Info.plist */,
			);
			path = TableViewDemoTests;
			sourceTree = "<group>";
		};
		A8BABB951C1FDD0D00FFF5B1 /* TableViewDemoUITests */ = {
			isa = PBXGroup;
			children = (
				A8BABB961C1FDD0D00FFF5B1 /* TableViewDemoUITests.m */,
				A8BABB981C1FDD0D00FFF5B1 /* Info.plist */,
			);
			path = TableViewDemoUITests;
			sourceTree = "<group>";
		};
		A8BABBA41C1FDE9700FFF5B1 /* CYMTableViewSection */ = {
			isa = PBXGroup;
			children = (
				A8BABBA51C1FDE9700FFF5B1 /* CYMTableViewSection.h */,
				A8BABBA61C1FDE9700FFF5B1 /* CYMTableViewSection.m */,
				A8BABBA71C1FDE9700FFF5B1 /* UITableView+CYMSectionAdditions.h */,
				A8BABBA81C1FDE9700FFF5B1 /* UITableView+CYMSectionAdditions.m */,
			);
			name = CYMTableViewSection;
			path = ../../CYMTableViewSection;
			sourceTree = "<group>";
		};
		A8BABBAB1C1FDEBD00FFF5B1 /* CYMDelegateChain */ = {
			isa = PBXGroup;
			children = (
				A8BABBAC1C1FDEBD00FFF5B1 /* CYMDelegateChain.h */,
				A8BABBAD1C1FDEBD00FFF5B1 /* CYMDelegateChain.m */,
			);
			name = CYMDelegateChain;
			path = ../../CYMDelegateChain;
			sourceTree = "<group>";
		};
/* End PBXGroup section */

/* Begin PBXNativeTarget section */
		A8BABB6D1C1FDD0D00FFF5B1 /* TableViewDemo */ = {
			isa = PBXNativeTarget;
			buildConfigurationList = A8BABB9B1C1FDD0D00FFF5B1 /* Build configuration list for PBXNativeTarget "TableViewDemo" */;
			buildPhases = (
				A8BABB6A1C1FDD0D00FFF5B1 /* Sources */,
				A8BABB6B1C1FDD0D00FFF5B1 /* Frameworks */,
				A8BABB6C1C1FDD0D00FFF5B1 /* Resources */,
			);
			buildRules = (
			);
			dependencies = (
			);
			name = TableViewDemo;
			productName = TableViewDemo;
			productReference = A8BABB6E1C1FDD0D00FFF5B1 /* TableViewDemo.app */;
			productType = "com.apple.product-type.application";
		};
		A8BABB861C1FDD0D00FFF5B1 /* TableViewDemoTests */ = {
			isa = PBXNativeTarget;
			buildConfigurationList = A8BABB9E1C1FDD0D00FFF5B1 /* Build configuration list for PBXNativeTarget "TableViewDemoTests" */;
			buildPhases = (
				A8BABB831C1FDD0D00FFF5B1 /* Sources */,
				A8BABB841C1FDD0D00FFF5B1 /* Frameworks */,
				A8BABB851C1FDD0D00FFF5B1 /* Resources */,
			);
			buildRules = (
			);
			dependencies = (
				A8BABB891C1FDD0D00FFF5B1 /* PBXTargetDependency */,
			);
			name = TableViewDemoTests;
			productName = TableViewDemoTests;
			productReference = A8BABB871C1FDD0D00FFF5B1 /* TableViewDemoTests.xctest */;
			productType = "com.apple.product-type.bundle.unit-test";
		};
		A8BABB911C1FDD0D00FFF5B1 /* TableViewDemoUITests */ = {
			isa = PBXNativeTarget;
			buildConfigurationList = A8BABBA11C1FDD0D00FFF5B1 /* Build configuration list for PBXNativeTarget "TableViewDemoUITests" */;
			buildPhases = (
				A8BABB8E1C1FDD0D00FFF5B1 /* Sources */,
				A8BABB8F1C1FDD0D00FFF5B1 /* Frameworks */,
				A8BABB901C1FDD0D00FFF5B1 /* Resources */,
			);
			buildRules = (
			);
			dependencies = (
				A8BABB941C1FDD0D00FFF5B1 /* PBXTargetDependency */,
			);
			name = TableViewDemoUITests;
			productName = TableViewDemoUITests;
			productReference = A8BABB921C1FDD0D00FFF5B1 /* TableViewDemoUITests.xctest */;
			productType = "com.apple.product-type.bundle.ui-testing";
		};
/* End PBXNativeTarget section */

/* Begin PBXProject section */
		A8BABB661C1FDD0D00FFF5B1 /* Project object */ = {
			isa = PBXProject;
			attributes = {
				LastUpgradeCheck = 0710;
				ORGANIZATIONNAME = caoym;
				TargetAttributes = {
					A8BABB6D1C1FDD0D00FFF5B1 = {
						CreatedOnToolsVersion = 7.1.1;
					};
					A8BABB861C1FDD0D00FFF5B1 = {
						CreatedOnToolsVersion = 7.1.1;
						TestTargetID = A8BABB6D1C1FDD0D00FFF5B1;
					};
					A8BABB911C1FDD0D00FFF5B1 = {
						CreatedOnToolsVersion = 7.1.1;
						TestTargetID = A8BABB6D1C1FDD0D00FFF5B1;
					};
				};
			};
			buildConfigurationList = A8BABB691C1FDD0D00FFF5B1 /* Build configuration list for PBXProject "TableViewDemo" */;
			compatibilityVersion = "Xcode 3.2";
			developmentRegion = English;
			hasScannedForEncodings = 0;
			knownRegions = (
				en,
				Base,
			);
			mainGroup = A8BABB651C1FDD0D00FFF5B1;
			productRefGroup = A8BABB6F1C1FDD0D00FFF5B1 /* Products */;
			projectDirPath = "";
			projectRoot = "";
			targets = (
				A8BABB6D1C1FDD0D00FFF5B1 /* TableViewDemo */,
				A8BABB861C1FDD0D00FFF5B1 /* TableViewDemoTests */,
				A8BABB911C1FDD0D00FFF5B1 /* TableViewDemoUITests */,
			);
		};
/* End PBXProject section */

/* Begin PBXResourcesBuildPhase section */
		A8BABB6C1C1FDD0D00FFF5B1 /* Resources */ = {
			isa = PBXResourcesBuildPhase;
			buildActionMask = 2147483647;
			files = (
				A8BABB811C1FDD0D00FFF5B1 /* LaunchScreen.storyboard in Resources */,
				A8BABB7E1C1FDD0D00FFF5B1 /* Assets.xcassets in Resources */,
				A8BABB7C1C1FDD0D00FFF5B1 /* Main.storyboard in Resources */,
			);
			runOnlyForDeploymentPostprocessing = 0;
		};
		A8BABB851C1FDD0D00FFF5B1 /* Resources */ = {
			isa = PBXResourcesBuildPhase;
			buildActionMask = 2147483647;
			files = (
			);
			runOnlyForDeploymentPostprocessing = 0;
		};
		A8BABB901C1FDD0D00FFF5B1 /* Resources */ = {
			isa = PBXResourcesBuildPhase;
			buildActionMask = 2147483647;
			files = (
			);
			runOnlyForDeploymentPostprocessing = 0;
		};
/* End PBXResourcesBuildPhase section */

/* Begin PBXSourcesBuildPhase section */
		A8BABB6A1C1FDD0D00FFF5B1 /* Sources */ = {
			isa = PBXSourcesBuildPhase;
			buildActionMask = 2147483647;
			files = (
				A8BABBAA1C1FDE9700FFF5B1 /* UITableView+CYMSectionAdditions.m in Sources */,
				A8BABB791C1FDD0D00FFF5B1 /* ViewController.m in Sources */,
				A8BABBAE1C1FDEBD00FFF5B1 /* CYMDelegateChain.m in Sources */,
				A8BABBA91C1FDE9700FFF5B1 /* CYMTableViewSection.m in Sources */,
				A8BABBB41C1FEA1000FFF5B1 /* MySection2.m in Sources */,
				A8BABBB11C1FEA0300FFF5B1 /* MySection1.m in Sources */,
				A8BABB761C1FDD0D00FFF5B1 /* AppDelegate.m in Sources */,
				A8BABB731C1FDD0D00FFF5B1 /* main.m in Sources */,
			);
			runOnlyForDeploymentPostprocessing = 0;
		};
		A8BABB831C1FDD0D00FFF5B1 /* Sources */ = {
			isa = PBXSourcesBuildPhase;
			buildActionMask = 2147483647;
			files = (
				A8BABB8C1C1FDD0D00FFF5B1 /* TableViewDemoTests.m in Sources */,
			);
			runOnlyForDeploymentPostprocessing = 0;
		};
		A8BABB8E1C1FDD0D00FFF5B1 /* Sources */ = {
			isa = PBXSourcesBuildPhase;
			buildActionMask = 2147483647;
			files = (
				A8BABB971C1FDD0D00FFF5B1 /* TableViewDemoUITests.m in Sources */,
			);
			runOnlyForDeploymentPostprocessing = 0;
		};
/* End PBXSourcesBuildPhase section */

/* Begin PBXTargetDependency section */
		A8BABB891C1FDD0D00FFF5B1 /* PBXTargetDependency */ = {
			isa = PBXTargetDependency;
			target = A8BABB6D1C1FDD0D00FFF5B1 /* TableViewDemo */;
			targetProxy = A8BABB881C1FDD0D00FFF5B1 /* PBXContainerItemProxy */;
		};
		A8BABB941C1FDD0D00FFF5B1 /* PBXTargetDependency */ = {
			isa = PBXTargetDependency;
			target = A8BABB6D1C1FDD0D00FFF5B1 /* TableViewDemo */;
			targetProxy = A8BABB931C1FDD0D00FFF5B1 /* PBXContainerItemProxy */;
		};
/* End PBXTargetDependency section */

/* Begin PBXVariantGroup section */
		A8BABB7A1C1FDD0D00FFF5B1 /* Main.storyboard */ = {
			isa = PBXVariantGroup;
			children = (
				A8BABB7B1C1FDD0D00FFF5B1 /* Base */,
			);
			name = Main.storyboard;
			sourceTree = "<group>";
		};
		A8BABB7F1C1FDD0D00FFF5B1 /* LaunchScreen.storyboard */ = {
			isa = PBXVariantGroup;
			children = (
				A8BABB801C1FDD0D00FFF5B1 /* Base */,
			);
			name = LaunchScreen.storyboard;
			sourceTree = "<group>";
		};
/* End PBXVariantGroup section */

/* Begin XCBuildConfiguration section */
		A8BABB991C1FDD0D00FFF5B1 /* Debug */ = {
			isa = XCBuildConfiguration;
			buildSettings = {
				ALWAYS_SEARCH_USER_PATHS = NO;
				CLANG_CXX_LANGUAGE_STANDARD = "gnu++0x";
				CLANG_CXX_LIBRARY = "libc++";
				CLANG_ENABLE_MODULES = YES;
				CLANG_ENABLE_OBJC_ARC = YES;
				CLANG_WARN_BOOL_CONVERSION = YES;
				CLANG_WARN_CONSTANT_CONVERSION = YES;
				CLANG_WARN_DIRECT_OBJC_ISA_USAGE = YES_ERROR;
				CLANG_WARN_EMPTY_BODY = YES;
				CLANG_WARN_ENUM_CONVERSION = YES;
				CLANG_WARN_INT_CONVERSION = YES;
				CLANG_WARN_OBJC_ROOT_CLASS = YES_ERROR;
				CLANG_WARN_UNREACHABLE_CODE = YES;
				CLANG_WARN__DUPLICATE_METHOD_MATCH = YES;
				"CODE_SIGN_IDENTITY[sdk=iphoneos*]" = "iPhone Developer";
				COPY_PHASE_STRIP = NO;
				DEBUG_INFORMATION_FORMAT = dwarf;
				ENABLE_STRICT_OBJC_MSGSEND = YES;
				ENABLE_TESTABILITY = YES;
				GCC_C_LANGUAGE_STANDARD = gnu99;
				GCC_DYNAMIC_NO_PIC = NO;
				GCC_NO_COMMON_BLOCKS = YES;
				GCC_OPTIMIZATION_LEVEL = 0;
				GCC_PREPROCESSOR_DEFINITIONS = (
					"DEBUG=1",
					"$(inherited)",
				);
				GCC_WARN_64_TO_32_BIT_CONVERSION = YES;
				GCC_WARN_ABOUT_RETURN_TYPE = YES_ERROR;
				GCC_WARN_UNDECLARED_SELECTOR = YES;
				GCC_WARN_UNINITIALIZED_AUTOS = YES_AGGRESSIVE;
				GCC_WARN_UNUSED_FUNCTION = YES;
				GCC_WARN_UNUSED_VARIABLE = YES;
				IPHONEOS_DEPLOYMENT_TARGET = 9.1;
				MTL_ENABLE_DEBUG_INFO = YES;
				ONLY_ACTIVE_ARCH = YES;
				SDKROOT = iphoneos;
				TARGETED_DEVICE_FAMILY = "1,2";
			};
			name = Debug;
		};
		A8BABB9A1C1FDD0D00FFF5B1 /* Release */ = {
			isa = XCBuildConfiguration;
			buildSettings = {
				ALWAYS_SEARCH_USER_PATHS = NO;
				CLANG_CXX_LANGUAGE_STANDARD = "gnu++0x";
				CLANG_CXX_LIBRARY = "libc++";
				CLANG_ENABLE_MODULES = YES;
				CLANG_ENABLE_OBJC_ARC = YES;
				CLANG_WARN_BOOL_CONVERSION = YES;
				CLANG_WARN_CONSTANT_CONVERSION = YES;
				CLANG_WARN_DIRECT_OBJC_ISA_USAGE = YES_ERROR;
				CLANG_WARN_EMPTY_BODY = YES;
				CLANG_WARN_ENUM_CONVERSION = YES;
				CLANG_WARN_INT_CONVERSION = YES;
				CLANG_WARN_OBJC_ROOT_CLASS = YES_ERROR;
				CLANG_WARN_UNREACHABLE_CODE = YES;
				CLANG_WARN__DUPLICATE_METHOD_MATCH = YES;
				"CODE_SIGN_IDENTITY[sdk=iphoneos*]" = "iPhone Developer";
				COPY_PHASE_STRIP = NO;
				DEBUG_INFORMATION_FORMAT = "dwarf-with-dsym";
				ENABLE_NS_ASSERTIONS = NO;
				ENABLE_STRICT_OBJC_MSGSEND = YES;
				GCC_C_LANGUAGE_STANDARD = gnu99;
				GCC_NO_COMMON_BLOCKS = YES;
				GCC_WARN_64_TO_32_BIT_CONVERSION = YES;
				GCC_WARN_ABOUT_RETURN_TYPE = YES_ERROR;
				GCC_WARN_UNDECLARED_SELECTOR = YES;
				GCC_WARN_UNINITIALIZED_AUTOS = YES_AGGRESSIVE;
				GCC_WARN_UNUSED_FUNCTION = YES;
				GCC_WARN_UNUSED_VARIABLE = YES;
				IPHONEOS_DEPLOYMENT_TARGET = 9.1;
				MTL_ENABLE_DEBUG_INFO = NO;
				SDKROOT = iphoneos;
				TARGETED_DEVICE_FAMILY = "1,2";
				VALIDATE_PRODUCT = YES;
			};
			name = Release;
		};
		A8BABB9C1C1FDD0D00FFF5B1 /* Debug */ = {
			isa = XCBuildConfiguration;
			buildSettings = {
				ASSETCATALOG_COMPILER_APPICON_NAME = AppIcon;
				INFOPLIST_FILE = TableViewDemo/Info.plist;
				LD_RUNPATH_SEARCH_PATHS = "$(inherited) @executable_path/Frameworks";
				PRODUCT_BUNDLE_IDENTIFIER = caoym.TableViewDemo;
				PRODUCT_NAME = "$(TARGET_NAME)";
			};
			name = Debug;
		};
		A8BABB9D1C1FDD0D00FFF5B1 /* Release */ = {
			isa = XCBuildConfiguration;
			buildSettings = {
				ASSETCATALOG_COMPILER_APPICON_NAME = AppIcon;
				INFOPLIST_FILE = TableViewDemo/Info.plist;
				LD_RUNPATH_SEARCH_PATHS = "$(inherited) @executable_path/Frameworks";
				PRODUCT_BUNDLE_IDENTIFIER = caoym.TableViewDemo;
				PRODUCT_NAME = "$(TARGET_NAME)";
			};
			name = Release;
		};
		A8BABB9F1C1FDD0D00FFF5B1 /* Debug */ = {
			isa = XCBuildConfiguration;
			buildSettings = {
				BUNDLE_LOADER = "$(TEST_HOST)";
				INFOPLIST_FILE = TableViewDemoTests/Info.plist;
				LD_RUNPATH_SEARCH_PATHS = "$(inherited) @executable_path/Frameworks @loader_path/Frameworks";
				PRODUCT_BUNDLE_IDENTIFIER = caoym.TableViewDemoTests;
				PRODUCT_NAME = "$(TARGET_NAME)";
				TEST_HOST = "$(BUILT_PRODUCTS_DIR)/TableViewDemo.app/TableViewDemo";
			};
			name = Debug;
		};
		A8BABBA01C1FDD0D00FFF5B1 /* Release */ = {
			isa = XCBuildConfiguration;
			buildSettings = {
				BUNDLE_LOADER = "$(TEST_HOST)";
				INFOPLIST_FILE = TableViewDemoTests/Info.plist;
				LD_RUNPATH_SEARCH_PATHS = "$(inherited) @executable_path/Frameworks @loader_path/Frameworks";
				PRODUCT_BUNDLE_IDENTIFIER = caoym.TableViewDemoTests;
				PRODUCT_NAME = "$(TARGET_NAME)";
				TEST_HOST = "$(BUILT_PRODUCTS_DIR)/TableViewDemo.app/TableViewDemo";
			};
			name = Release;
		};
		A8BABBA21C1FDD0D00FFF5B1 /* Debug */ = {
			isa = XCBuildConfiguration;
			buildSettings = {
				INFOPLIST_FILE = TableViewDemoUITests/Info.plist;
				LD_RUNPATH_SEARCH_PATHS = "$(inherited) @executable_path/Frameworks @loader_path/Frameworks";
				PRODUCT_BUNDLE_IDENTIFIER = caoym.TableViewDemoUITests;
				PRODUCT_NAME = "$(TARGET_NAME)";
				TEST_TARGET_NAME = TableViewDemo;
				USES_XCTRUNNER = YES;
			};
			name = Debug;
		};
		A8BABBA31C1FDD0D00FFF5B1 /* Release */ = {
			isa = XCBuildConfiguration;
			buildSettings = {
				INFOPLIST_FILE = TableViewDemoUITests/Info.plist;
				LD_RUNPATH_SEARCH_PATHS = "$(inherited) @executable_path/Frameworks @loader_path/Frameworks";
				PRODUCT_BUNDLE_IDENTIFIER = caoym.TableViewDemoUITests;
				PRODUCT_NAME = "$(TARGET_NAME)";
				TEST_TARGET_NAME = TableViewDemo;
				USES_XCTRUNNER = YES;
			};
			name = Release;
		};
/* End XCBuildConfiguration section */

/* Begin XCConfigurationList section */
		A8BABB691C1FDD0D00FFF5B1 /* Build configuration list for PBXProject "TableViewDemo" */ = {
			isa = XCConfigurationList;
			buildConfigurations = (
				A8BABB991C1FDD0D00FFF5B1 /* Debug */,
				A8BABB9A1C1FDD0D00FFF5B1 /* Release */,
			);
			defaultConfigurationIsVisible = 0;
			defaultConfigurationName = Release;
		};
		A8BABB9B1C1FDD0D00FFF5B1 /* Build configuration list for PBXNativeTarget "TableViewDemo" */ = {
			isa = XCConfigurationList;
			buildConfigurations = (
				A8BABB9C1C1FDD0D00FFF5B1 /* Debug */,
				A8BABB9D1C1FDD0D00FFF5B1 /* Release */,
			);
			defaultConfigurationIsVisible = 0;
		};
		A8BABB9E1C1FDD0D00FFF5B1 /* Build configuration list for PBXNativeTarget "TableViewDemoTests" */ = {
			isa = XCConfigurationList;
			buildConfigurations = (
				A8BABB9F1C1FDD0D00FFF5B1 /* Debug */,
				A8BABBA01C1FDD0D00FFF5B1 /* Release */,
			);
			defaultConfigurationIsVisible = 0;
		};
		A8BABBA11C1FDD0D00FFF5B1 /* Build configuration list for PBXNativeTarget "TableViewDemoUITests" */ = {
			isa = XCConfigurationList;
			buildConfigurations = (
				A8BABBA21C1FDD0D00FFF5B1 /* Debug */,
				A8BABBA31C1FDD0D00FFF5B1 /* Release */,
			);
			defaultConfigurationIsVisible = 0;
		};
/* End XCConfigurationList section */
	};
	rootObject = A8BABB661C1FDD0D00FFF5B1 /* Project object */;
}
